
Microsoft Visual Studio Solution File, Format Version 12.00
# Visual Studio 14
VisualStudioVersion = 14.0.23107.0
MinimumVisualStudioVersion = 10.0.40219.1
Project("{FAE04EC0-301F-11D3-BF4B-00C04F79EFBC}") = "Trees", "Trees\Trees.csproj", "{F70870EE-2D96-4037-B4B5-724A23DD7533}"
EndProject
Project("{FAE04EC0-301F-11D3-BF4B-00C04F79EFBC}") = "TreesTests", "TreesTests\TreesTests.csproj", "{F97E75B8-435A-4B1F-BCEE-E6AE878F6EF2}"
EndProject
Global
	GlobalSection(SolutionConfigurationPlatforms) = preSolution
		Debug|Any CPU = Debug|Any CPU
		Release|Any CPU = Release|Any CPU
	EndGlobalSection
	GlobalSection(ProjectConfigurationPlatforms) = postSolution
		{F70870EE-2D96-4037-B4B5-724A23DD7533}.Debug|Any CPU.ActiveCfg = Debug|Any CPU
		{F70870EE-2D96-4037-B4B5-724A23DD7533}.Debug|Any CPU.Build.0 = Debug|Any CPU
		{F70870EE-2D96-4037-B4B5-724A23DD7533}.Release|Any CPU.ActiveCfg = Release|Any CPU
		{F70870EE-2D96-4037-B4B5-724A23DD7533}.Release|Any CPU.Build.0 = Release|Any CPU
		{F97E75B8-435A-4B1F-BCEE-E6AE878F6EF2}.Debug|Any CPU.ActiveCfg = Debug|Any CPU
		{F97E75B8-435A-4B1F-BCEE-E6AE878F6EF2}.Debug|Any CPU.Build.0 = Debug|Any CPU
		{F97E75B8-435A-4B1F-BCEE-E6AE878F6EF2}.Release|Any CPU.ActiveCfg = Release|Any CPU
		{F97E75B8-435A-4B1F-BCEE-E6AE878F6EF2}.Release|Any CPU.Build.0 = Release|Any CPU
	EndGlobalSection
	GlobalSection(SolutionProperties) = preSolution
		HideSolutionNode = FALSE
	EndGlobalSection
EndGlobal
